
Microsoft Visual Studio Solution File, Format Version 12.00
# Visual Studio Version 17
VisualStudioVersion = 17.7.34024.191
MinimumVisualStudioVersion = 10.0.40219.1
Project("{FAE04EC0-301F-11D3-BF4B-00C04F79EFBC}") = "Fibonacci", "Fibonacci.csproj", "{A7C1E4E9-6D07-44DA-B9CA-CF28AE1EB6F5}"
EndProject
Global
	GlobalSection(SolutionConfigurationPlatforms) = preSolution
		Debug|Any CPU = Debug|Any CPU
		Release|Any CPU = Release|Any CPU
	EndGlobalSection
	GlobalSection(ProjectConfigurationPlatforms) = postSolution
		{A7C1E4E9-6D07-44DA-B9CA-CF28AE1EB6F5}.Debug|Any CPU.ActiveCfg = Debug|Any CPU
		{A7C1E4E9-6D07-44DA-B9CA-CF28AE1EB6F5}.Debug|Any CPU.Build.0 = Debug|Any CPU
		{A7C1E4E9-6D07-44DA-B9CA-CF28AE1EB6F5}.Release|Any CPU.ActiveCfg = Release|Any CPU
		{A7C1E4E9-6D07-44DA-B9CA-CF28AE1EB6F5}.Release|Any CPU.Build.0 = Release|Any CPU
	EndGlobalSection
	GlobalSection(SolutionProperties) = preSolution
		HideSolutionNode = FALSE
	EndGlobalSection
	GlobalSection(ExtensibilityGlobals) = postSolution
		SolutionGuid = {1652C818-502A-4B8A-BDC4-562E62D75E50}
	EndGlobalSection
EndGlobal
