
Microsoft Visual Studio Solution File, Format Version 12.00
# Visual Studio Version 17
VisualStudioVersion = 17.7.34024.191
MinimumVisualStudioVersion = 10.0.40219.1
Project("{FAE04EC0-301F-11D3-BF4B-00C04F79EFBC}") = "AbsoluteSquaring", "AbsoluteSquaring.csproj", "{44C7D76A-8A08-4641-8488-8F229814289D}"
EndProject
Global
	GlobalSection(SolutionConfigurationPlatforms) = preSolution
		Debug|Any CPU = Debug|Any CPU
		Release|Any CPU = Release|Any CPU
	EndGlobalSection
	GlobalSection(ProjectConfigurationPlatforms) = postSolution
		{44C7D76A-8A08-4641-8488-8F229814289D}.Debug|Any CPU.ActiveCfg = Debug|Any CPU
		{44C7D76A-8A08-4641-8488-8F229814289D}.Debug|Any CPU.Build.0 = Debug|Any CPU
		{44C7D76A-8A08-4641-8488-8F229814289D}.Release|Any CPU.ActiveCfg = Release|Any CPU
		{44C7D76A-8A08-4641-8488-8F229814289D}.Release|Any CPU.Build.0 = Release|Any CPU
	EndGlobalSection
	GlobalSection(SolutionProperties) = preSolution
		HideSolutionNode = FALSE
	EndGlobalSection
	GlobalSection(ExtensibilityGlobals) = postSolution
		SolutionGuid = {E4EC7C5D-82F6-4E51-BEED-B4E0B71497EC}
	EndGlobalSection
EndGlobal
