
Microsoft Visual Studio Solution File, Format Version 12.00
# Visual Studio Version 17
VisualStudioVersion = 17.7.34024.191
MinimumVisualStudioVersion = 10.0.40219.1
Project("{FAE04EC0-301F-11D3-BF4B-00C04F79EFBC}") = "BarcodeApp", "BarcodeApp.csproj", "{17C8A624-4F41-4388-B29E-99877EB7750E}"
EndProject
Global
	GlobalSection(SolutionConfigurationPlatforms) = preSolution
		Debug|Any CPU = Debug|Any CPU
		Release|Any CPU = Release|Any CPU
	EndGlobalSection
	GlobalSection(ProjectConfigurationPlatforms) = postSolution
		{17C8A624-4F41-4388-B29E-99877EB7750E}.Debug|Any CPU.ActiveCfg = Debug|Any CPU
		{17C8A624-4F41-4388-B29E-99877EB7750E}.Debug|Any CPU.Build.0 = Debug|Any CPU
		{17C8A624-4F41-4388-B29E-99877EB7750E}.Release|Any CPU.ActiveCfg = Release|Any CPU
		{17C8A624-4F41-4388-B29E-99877EB7750E}.Release|Any CPU.Build.0 = Release|Any CPU
	EndGlobalSection
	GlobalSection(SolutionProperties) = preSolution
		HideSolutionNode = FALSE
	EndGlobalSection
	GlobalSection(ExtensibilityGlobals) = postSolution
		SolutionGuid = {970DF6C2-1639-43E8-8502-7801B406E208}
	EndGlobalSection
EndGlobal
